{
  "requires": true,
  "lockfileVersion": 1,
  "dependencies": {
    "@tradle/react-native-http": {
      "version": "2.0.1",
      "resolved": "https://registry.npmjs.org/@tradle/react-native-http/-/react-native-http-2.0.1.tgz",
      "integrity": "sha1-rxniQOHlgL+iSVY5JNG+RyaG9Is=",
      "requires": {
        "Base64": "0.2.1",
        "inherits": "2.0.3"
      }
    },
    "Base64": {
      "version": "0.2.1",
      "resolved": "https://registry.npmjs.org/Base64/-/Base64-0.2.1.tgz",
      "integrity": "sha1-ujpCMHCOGGcFBl5mur3Uw1z2ACg="
    },
    "inherits": {
      "version": "2.0.3",
      "resolved": "https://registry.npmjs.org/inherits/-/inherits-2.0.3.tgz",
      "integrity": "sha1-Yzwsg+PaQqUC9SRmAiSA9CCCYd4="
    }
  }
}
